
Microsoft Visual Studio Solution File, Format Version 12.00
# Visual Studio Version 17
VisualStudioVersion = 17.12.35707.178 d17.12
MinimumVisualStudioVersion = 10.0.40219.1
Project("{FAE04EC0-301F-11D3-BF4B-00C04F79EFBC}") = "WebapiproductoJWT", "WebapiproductoJWT.csproj", "{745D1E80-A5BA-4F83-BF4C-FECBED44B025}"
EndProject
Global
	GlobalSection(SolutionConfigurationPlatforms) = preSolution
		Debug|Any CPU = Debug|Any CPU
		Release|Any CPU = Release|Any CPU
	EndGlobalSection
	GlobalSection(ProjectConfigurationPlatforms) = postSolution
		{745D1E80-A5BA-4F83-BF4C-FECBED44B025}.Debug|Any CPU.ActiveCfg = Debug|Any CPU
		{745D1E80-A5BA-4F83-BF4C-FECBED44B025}.Debug|Any CPU.Build.0 = Debug|Any CPU
		{745D1E80-A5BA-4F83-BF4C-FECBED44B025}.Release|Any CPU.ActiveCfg = Release|Any CPU
		{745D1E80-A5BA-4F83-BF4C-FECBED44B025}.Release|Any CPU.Build.0 = Release|Any CPU
	EndGlobalSection
	GlobalSection(SolutionProperties) = preSolution
		HideSolutionNode = FALSE
	EndGlobalSection
EndGlobal
